
Microsoft Visual Studio Solution File, Format Version 12.00
# Visual Studio Version 17
VisualStudioVersion = 17.10.35027.167
MinimumVisualStudioVersion = 10.0.40219.1
Project("{9A19103F-16F7-4668-BE54-9A1E7A4F7556}") = "Hotel_Server_Side", "Hotel_Server_Side.csproj", "{A7DCACA0-93B1-41C6-B1F6-D5219205F754}"
EndProject
Project("{FAE04EC0-301F-11D3-BF4B-00C04F79EFBC}") = "HotelDataAceess", "..\HotelDataAceess\HotelDataAceess.csproj", "{A3A65A5B-2CC8-42A3-BE16-8525051DF531}"
EndProject
Project("{FAE04EC0-301F-11D3-BF4B-00C04F79EFBC}") = "HotelBussinse", "..\HotelBussinse\HotelBussinse.csproj", "{86D75DFA-AD9F-406E-8615-DD4E2E1F68D7}"
EndProject
Global
	GlobalSection(SolutionConfigurationPlatforms) = preSolution
		Debug|Any CPU = Debug|Any CPU
		Release|Any CPU = Release|Any CPU
	EndGlobalSection
	GlobalSection(ProjectConfigurationPlatforms) = postSolution
		{A7DCACA0-93B1-41C6-B1F6-D5219205F754}.Debug|Any CPU.ActiveCfg = Debug|Any CPU
		{A7DCACA0-93B1-41C6-B1F6-D5219205F754}.Debug|Any CPU.Build.0 = Debug|Any CPU
		{A7DCACA0-93B1-41C6-B1F6-D5219205F754}.Release|Any CPU.ActiveCfg = Release|Any CPU
		{A7DCACA0-93B1-41C6-B1F6-D5219205F754}.Release|Any CPU.Build.0 = Release|Any CPU
		{A3A65A5B-2CC8-42A3-BE16-8525051DF531}.Debug|Any CPU.ActiveCfg = Debug|Any CPU
		{A3A65A5B-2CC8-42A3-BE16-8525051DF531}.Debug|Any CPU.Build.0 = Debug|Any CPU
		{A3A65A5B-2CC8-42A3-BE16-8525051DF531}.Release|Any CPU.ActiveCfg = Release|Any CPU
		{A3A65A5B-2CC8-42A3-BE16-8525051DF531}.Release|Any CPU.Build.0 = Release|Any CPU
		{86D75DFA-AD9F-406E-8615-DD4E2E1F68D7}.Debug|Any CPU.ActiveCfg = Debug|Any CPU
		{86D75DFA-AD9F-406E-8615-DD4E2E1F68D7}.Debug|Any CPU.Build.0 = Debug|Any CPU
		{86D75DFA-AD9F-406E-8615-DD4E2E1F68D7}.Release|Any CPU.ActiveCfg = Release|Any CPU
		{86D75DFA-AD9F-406E-8615-DD4E2E1F68D7}.Release|Any CPU.Build.0 = Release|Any CPU
	EndGlobalSection
	GlobalSection(SolutionProperties) = preSolution
		HideSolutionNode = FALSE
	EndGlobalSection
	GlobalSection(ExtensibilityGlobals) = postSolution
		SolutionGuid = {C10194CF-F6F8-4665-BCC8-ECBD8DD278BB}
	EndGlobalSection
EndGlobal
